
Microsoft Visual Studio Solution File, Format Version 12.00
# Visual Studio Version 17
VisualStudioVersion = 17.14.36401.2 d17.14
MinimumVisualStudioVersion = 10.0.40219.1
Project("{FAE04EC0-301F-11D3-BF4B-00C04F79EFBC}") = "MVC 03.PL", "MVC 03.PL\MVC 03.PL.csproj", "{BD0F8191-9837-4135-ADED-7A02800B11AD}"
EndProject
Project("{FAE04EC0-301F-11D3-BF4B-00C04F79EFBC}") = "MVC 03.DAL", "MVC 03.DAL\MVC 03.DAL.csproj", "{A5E9C2E5-8DE8-4C6D-A11D-E6D51681894C}"
EndProject
Project("{FAE04EC0-301F-11D3-BF4B-00C04F79EFBC}") = "MVC 03.BLL", "MVC 03.BLL\MVC 03.BLL.csproj", "{F3C794D6-9DDA-44D6-8896-DDE904EA2C03}"
EndProject
Global
	GlobalSection(SolutionConfigurationPlatforms) = preSolution
		Debug|Any CPU = Debug|Any CPU
		Release|Any CPU = Release|Any CPU
	EndGlobalSection
	GlobalSection(ProjectConfigurationPlatforms) = postSolution
		{BD0F8191-9837-4135-ADED-7A02800B11AD}.Debug|Any CPU.ActiveCfg = Debug|Any CPU
		{BD0F8191-9837-4135-ADED-7A02800B11AD}.Debug|Any CPU.Build.0 = Debug|Any CPU
		{BD0F8191-9837-4135-ADED-7A02800B11AD}.Release|Any CPU.ActiveCfg = Release|Any CPU
		{BD0F8191-9837-4135-ADED-7A02800B11AD}.Release|Any CPU.Build.0 = Release|Any CPU
		{A5E9C2E5-8DE8-4C6D-A11D-E6D51681894C}.Debug|Any CPU.ActiveCfg = Debug|Any CPU
		{A5E9C2E5-8DE8-4C6D-A11D-E6D51681894C}.Debug|Any CPU.Build.0 = Debug|Any CPU
		{A5E9C2E5-8DE8-4C6D-A11D-E6D51681894C}.Release|Any CPU.ActiveCfg = Release|Any CPU
		{A5E9C2E5-8DE8-4C6D-A11D-E6D51681894C}.Release|Any CPU.Build.0 = Release|Any CPU
		{F3C794D6-9DDA-44D6-8896-DDE904EA2C03}.Debug|Any CPU.ActiveCfg = Debug|Any CPU
		{F3C794D6-9DDA-44D6-8896-DDE904EA2C03}.Debug|Any CPU.Build.0 = Debug|Any CPU
		{F3C794D6-9DDA-44D6-8896-DDE904EA2C03}.Release|Any CPU.ActiveCfg = Release|Any CPU
		{F3C794D6-9DDA-44D6-8896-DDE904EA2C03}.Release|Any CPU.Build.0 = Release|Any CPU
	EndGlobalSection
	GlobalSection(SolutionProperties) = preSolution
		HideSolutionNode = FALSE
	EndGlobalSection
	GlobalSection(ExtensibilityGlobals) = postSolution
		SolutionGuid = {B0BAC732-6721-4476-9436-792720F2D8EB}
	EndGlobalSection
EndGlobal
